
Microsoft Visual Studio Solution File, Format Version 12.00
# Visual Studio Version 17
VisualStudioVersion = 17.10.35013.160
MinimumVisualStudioVersion = 10.0.40219.1
Project("{FAE04EC0-301F-11D3-BF4B-00C04F79EFBC}") = "XYZ.WShop.API", "XYZ.WShop.API\XYZ.WShop.API.csproj", "{464AEE38-2174-4BBC-8953-B04BAF3B70F2}"
EndProject
Project("{2150E333-8FDC-42A3-9474-1A3956D46DE8}") = "Src", "Src", "{04CE6B75-69DC-41F1-8A6D-98C59EE1D3D8}"
EndProject
Project("{2150E333-8FDC-42A3-9474-1A3956D46DE8}") = "Test", "Test", "{4CEE5B47-F3AC-496F-987D-89CC6831DA4B}"
EndProject
Project("{2150E333-8FDC-42A3-9474-1A3956D46DE8}") = "API", "API", "{E20C424B-AE38-49F8-A591-346A96CB6BDD}"
EndProject
Project("{2150E333-8FDC-42A3-9474-1A3956D46DE8}") = "Core", "Core", "{F4E51CF5-56BD-45A8-BCF1-A2B599C2B221}"
EndProject
Project("{2150E333-8FDC-42A3-9474-1A3956D46DE8}") = "Infrastructure", "Infrastructure", "{80D24A85-1323-4BDD-8FE5-13E536AF23E4}"
EndProject
Project("{FAE04EC0-301F-11D3-BF4B-00C04F79EFBC}") = "XYZ.WShop.Domain", "XYZ.WShop.Domain\XYZ.WShop.Domain.csproj", "{5610979C-4497-47FF-B32E-7F12DC37598A}"
EndProject
Project("{FAE04EC0-301F-11D3-BF4B-00C04F79EFBC}") = "XYZ.WShop.Application", "XYZ.WShop.Application\XYZ.WShop.Application.csproj", "{5C00D09E-D02A-4362-B774-24096B3F80C4}"
EndProject
Project("{FAE04EC0-301F-11D3-BF4B-00C04F79EFBC}") = "XZY.WShop.Infrastructure", "XZY.WShop.Infrastructure\XZY.WShop.Infrastructure.csproj", "{2DBB7316-3F4C-40EF-954E-31484C1AACB5}"
EndProject
Project("{FAE04EC0-301F-11D3-BF4B-00C04F79EFBC}") = "XYZ.WShop.Tests", "XYZ.WShop.Tests\XYZ.WShop.Tests.csproj", "{CA87B4AD-7A46-4882-BD92-59A90A1E0317}"
EndProject
Global
	GlobalSection(SolutionConfigurationPlatforms) = preSolution
		Debug|Any CPU = Debug|Any CPU
		Release|Any CPU = Release|Any CPU
	EndGlobalSection
	GlobalSection(ProjectConfigurationPlatforms) = postSolution
		{464AEE38-2174-4BBC-8953-B04BAF3B70F2}.Debug|Any CPU.ActiveCfg = Debug|Any CPU
		{464AEE38-2174-4BBC-8953-B04BAF3B70F2}.Debug|Any CPU.Build.0 = Debug|Any CPU
		{464AEE38-2174-4BBC-8953-B04BAF3B70F2}.Release|Any CPU.ActiveCfg = Release|Any CPU
		{464AEE38-2174-4BBC-8953-B04BAF3B70F2}.Release|Any CPU.Build.0 = Release|Any CPU
		{5610979C-4497-47FF-B32E-7F12DC37598A}.Debug|Any CPU.ActiveCfg = Debug|Any CPU
		{5610979C-4497-47FF-B32E-7F12DC37598A}.Debug|Any CPU.Build.0 = Debug|Any CPU
		{5610979C-4497-47FF-B32E-7F12DC37598A}.Release|Any CPU.ActiveCfg = Release|Any CPU
		{5610979C-4497-47FF-B32E-7F12DC37598A}.Release|Any CPU.Build.0 = Release|Any CPU
		{5C00D09E-D02A-4362-B774-24096B3F80C4}.Debug|Any CPU.ActiveCfg = Debug|Any CPU
		{5C00D09E-D02A-4362-B774-24096B3F80C4}.Debug|Any CPU.Build.0 = Debug|Any CPU
		{5C00D09E-D02A-4362-B774-24096B3F80C4}.Release|Any CPU.ActiveCfg = Release|Any CPU
		{5C00D09E-D02A-4362-B774-24096B3F80C4}.Release|Any CPU.Build.0 = Release|Any CPU
		{2DBB7316-3F4C-40EF-954E-31484C1AACB5}.Debug|Any CPU.ActiveCfg = Debug|Any CPU
		{2DBB7316-3F4C-40EF-954E-31484C1AACB5}.Debug|Any CPU.Build.0 = Debug|Any CPU
		{2DBB7316-3F4C-40EF-954E-31484C1AACB5}.Release|Any CPU.ActiveCfg = Release|Any CPU
		{2DBB7316-3F4C-40EF-954E-31484C1AACB5}.Release|Any CPU.Build.0 = Release|Any CPU
		{CA87B4AD-7A46-4882-BD92-59A90A1E0317}.Debug|Any CPU.ActiveCfg = Debug|Any CPU
		{CA87B4AD-7A46-4882-BD92-59A90A1E0317}.Debug|Any CPU.Build.0 = Debug|Any CPU
		{CA87B4AD-7A46-4882-BD92-59A90A1E0317}.Release|Any CPU.ActiveCfg = Release|Any CPU
		{CA87B4AD-7A46-4882-BD92-59A90A1E0317}.Release|Any CPU.Build.0 = Release|Any CPU
	EndGlobalSection
	GlobalSection(SolutionProperties) = preSolution
		HideSolutionNode = FALSE
	EndGlobalSection
	GlobalSection(NestedProjects) = preSolution
		{464AEE38-2174-4BBC-8953-B04BAF3B70F2} = {E20C424B-AE38-49F8-A591-346A96CB6BDD}
		{E20C424B-AE38-49F8-A591-346A96CB6BDD} = {04CE6B75-69DC-41F1-8A6D-98C59EE1D3D8}
		{F4E51CF5-56BD-45A8-BCF1-A2B599C2B221} = {04CE6B75-69DC-41F1-8A6D-98C59EE1D3D8}
		{80D24A85-1323-4BDD-8FE5-13E536AF23E4} = {04CE6B75-69DC-41F1-8A6D-98C59EE1D3D8}
		{5610979C-4497-47FF-B32E-7F12DC37598A} = {F4E51CF5-56BD-45A8-BCF1-A2B599C2B221}
		{5C00D09E-D02A-4362-B774-24096B3F80C4} = {F4E51CF5-56BD-45A8-BCF1-A2B599C2B221}
		{2DBB7316-3F4C-40EF-954E-31484C1AACB5} = {80D24A85-1323-4BDD-8FE5-13E536AF23E4}
		{CA87B4AD-7A46-4882-BD92-59A90A1E0317} = {4CEE5B47-F3AC-496F-987D-89CC6831DA4B}
	EndGlobalSection
	GlobalSection(ExtensibilityGlobals) = postSolution
		SolutionGuid = {F3E9CC1A-289C-4BE7-AA43-00CE96736232}
	EndGlobalSection
EndGlobal
